
Microsoft Visual Studio Solution File, Format Version 12.00
# Visual Studio Version 16
VisualStudioVersion = 16.0.29709.97
MinimumVisualStudioVersion = 10.0.40219.1
Project("{FAE04EC0-301F-11D3-BF4B-00C04F79EFBC}") = "Lab4", "Lab4\Lab4.csproj", "{5FCA81B4-ED3B-4175-AE71-86C818C7E592}"
EndProject
Global
	GlobalSection(SolutionConfigurationPlatforms) = preSolution
		Debug|Any CPU = Debug|Any CPU
		Release|Any CPU = Release|Any CPU
	EndGlobalSection
	GlobalSection(ProjectConfigurationPlatforms) = postSolution
		{5FCA81B4-ED3B-4175-AE71-86C818C7E592}.Debug|Any CPU.ActiveCfg = Debug|Any CPU
		{5FCA81B4-ED3B-4175-AE71-86C818C7E592}.Debug|Any CPU.Build.0 = Debug|Any CPU
		{5FCA81B4-ED3B-4175-AE71-86C818C7E592}.Release|Any CPU.ActiveCfg = Release|Any CPU
		{5FCA81B4-ED3B-4175-AE71-86C818C7E592}.Release|Any CPU.Build.0 = Release|Any CPU
	EndGlobalSection
	GlobalSection(SolutionProperties) = preSolution
		HideSolutionNode = FALSE
	EndGlobalSection
	GlobalSection(ExtensibilityGlobals) = postSolution
		SolutionGuid = {29ADC26F-2ABF-4D2E-B693-EC50535FEF83}
	EndGlobalSection
EndGlobal
