
Microsoft Visual Studio Solution File, Format Version 12.00
# Visual Studio Version 16
VisualStudioVersion = 16.0.29519.87
MinimumVisualStudioVersion = 10.0.40219.1
Project("{FAE04EC0-301F-11D3-BF4B-00C04F79EFBC}") = "Lab1", "Lab1\Lab1.csproj", "{DAC45EE9-2D93-4B9E-9968-2AE0C2C9D239}"
EndProject
Global
	GlobalSection(SolutionConfigurationPlatforms) = preSolution
		Debug|Any CPU = Debug|Any CPU
		Release|Any CPU = Release|Any CPU
	EndGlobalSection
	GlobalSection(ProjectConfigurationPlatforms) = postSolution
		{DAC45EE9-2D93-4B9E-9968-2AE0C2C9D239}.Debug|Any CPU.ActiveCfg = Debug|Any CPU
		{DAC45EE9-2D93-4B9E-9968-2AE0C2C9D239}.Debug|Any CPU.Build.0 = Debug|Any CPU
		{DAC45EE9-2D93-4B9E-9968-2AE0C2C9D239}.Release|Any CPU.ActiveCfg = Release|Any CPU
		{DAC45EE9-2D93-4B9E-9968-2AE0C2C9D239}.Release|Any CPU.Build.0 = Release|Any CPU
	EndGlobalSection
	GlobalSection(SolutionProperties) = preSolution
		HideSolutionNode = FALSE
	EndGlobalSection
	GlobalSection(ExtensibilityGlobals) = postSolution
		SolutionGuid = {4C8019C4-D6FD-4CAB-BCE3-00E798757AC9}
	EndGlobalSection
EndGlobal
