
Microsoft Visual Studio Solution File, Format Version 12.00
# Visual Studio Version 16
VisualStudioVersion = 16.0.29806.167
MinimumVisualStudioVersion = 10.0.40219.1
Project("{9A19103F-16F7-4668-BE54-9A1E7A4F7556}") = "E1 Person", "Lab7\E1 Person.csproj", "{D7B71134-7805-4743-86EF-F83536767FBA}"
EndProject
Project("{FAE04EC0-301F-11D3-BF4B-00C04F79EFBC}") = "E2 Rational", "Rational\E2 Rational.csproj", "{0D3751F8-5F78-4D82-976B-C0FB4FC09DE4}"
EndProject
Global
	GlobalSection(SolutionConfigurationPlatforms) = preSolution
		Debug|Any CPU = Debug|Any CPU
		Release|Any CPU = Release|Any CPU
	EndGlobalSection
	GlobalSection(ProjectConfigurationPlatforms) = postSolution
		{D7B71134-7805-4743-86EF-F83536767FBA}.Debug|Any CPU.ActiveCfg = Debug|Any CPU
		{D7B71134-7805-4743-86EF-F83536767FBA}.Debug|Any CPU.Build.0 = Debug|Any CPU
		{D7B71134-7805-4743-86EF-F83536767FBA}.Release|Any CPU.ActiveCfg = Release|Any CPU
		{D7B71134-7805-4743-86EF-F83536767FBA}.Release|Any CPU.Build.0 = Release|Any CPU
		{0D3751F8-5F78-4D82-976B-C0FB4FC09DE4}.Debug|Any CPU.ActiveCfg = Debug|Any CPU
		{0D3751F8-5F78-4D82-976B-C0FB4FC09DE4}.Debug|Any CPU.Build.0 = Debug|Any CPU
		{0D3751F8-5F78-4D82-976B-C0FB4FC09DE4}.Release|Any CPU.ActiveCfg = Release|Any CPU
		{0D3751F8-5F78-4D82-976B-C0FB4FC09DE4}.Release|Any CPU.Build.0 = Release|Any CPU
	EndGlobalSection
	GlobalSection(SolutionProperties) = preSolution
		HideSolutionNode = FALSE
	EndGlobalSection
	GlobalSection(ExtensibilityGlobals) = postSolution
		SolutionGuid = {810666C9-056C-425B-AD2E-A24A5C43A67C}
	EndGlobalSection
EndGlobal
